git.sequentialread.com/forest/tunnel v0.0.0-20170601195443-35a8b95662bf h1:2flo/nnhfe3sSxQ/MHlK7KoY54tQ1pAvMzkh0ZOxyH4=
git.sequentialread.com/forest/tunnel v0.0.0-20170601195443-35a8b95662bf/go.mod h1:i+PvDDsWjggoCQOO8bGJJKRB9qfxmHk5yzIEA/h8dzg=
github.com/armon/go-proxyproto v0.0.0-20180202201750-5b7edb60ff5f h1:SaJ6yqg936TshyeFZqQE+N+9hYkIeL9AMr7S4voCl10=
github.com/armon/go-proxyproto v0.0.0-20180202201750-5b7edb60ff5f/go.mod h1:QmP9hvJ91BbJmGVGSbutW19IC0Q9phDCLGaomwTJbgU=
github.com/cenkalti/backoff v2.1.0+incompatible h1:FIRvWBZrzS4YC7NT5cOuZjexzFvIr+Dbi6aD1cZaNBk=
github.com/cenkalti/backoff v2.1.0+incompatible/go.mod h1:90ReRw6GdpyfrHakVjL/QHaoyV4aDUVVkXQJJJ3NXXM=
github.com/gorilla/websocket v1.4.0 h1:WDFjx/TMzVgy9VdMMQi2K2Emtwi2QcUQsztZ/zLaH/Q=
github.com/gorilla/websocket v1.4.0/go.mod h1:E7qHFY5m1UJ88s3WnNqhKjPHQ0heANvMoAMk2YaljkQ=
github.com/hashicorp/yamux v0.0.0-20181012175058-2f1d1f20f75d h1:kJCB4vdITiW1eC1vq2e6IsrXKrZit1bv/TDYFGMp4BQ=
github.com/hashicorp/yamux v0.0.0-20181012175058-2f1d1f20f75d/go.mod h1:+NfK9FKeTrX5uv1uIXGdwYDTeHna2qgaIlx54MXqjAM=
